
Microsoft Visual Studio Solution File, Format Version 12.00
# Visual Studio Version 16
VisualStudioVersion = 16.0.31729.503
MinimumVisualStudioVersion = 10.0.40219.1
Project("{FAE04EC0-301F-11D3-BF4B-00C04F79EFBC}") = "MyGameStore", "MyGameStore\MyGameStore.csproj", "{E2A57614-A5EA-4EC9-BA8A-92228D61005B}"
EndProject
Project("{FAE04EC0-301F-11D3-BF4B-00C04F79EFBC}") = "MyGameStore.Data", "MyGameStore.Data\MyGameStore.Data.csproj", "{4586C08F-7B63-49BC-AD6A-7E4BCE618516}"
EndProject
Global
	GlobalSection(SolutionConfigurationPlatforms) = preSolution
		Debug|Any CPU = Debug|Any CPU
		Release|Any CPU = Release|Any CPU
	EndGlobalSection
	GlobalSection(ProjectConfigurationPlatforms) = postSolution
		{E2A57614-A5EA-4EC9-BA8A-92228D61005B}.Debug|Any CPU.ActiveCfg = Debug|Any CPU
		{E2A57614-A5EA-4EC9-BA8A-92228D61005B}.Debug|Any CPU.Build.0 = Debug|Any CPU
		{E2A57614-A5EA-4EC9-BA8A-92228D61005B}.Release|Any CPU.ActiveCfg = Release|Any CPU
		{E2A57614-A5EA-4EC9-BA8A-92228D61005B}.Release|Any CPU.Build.0 = Release|Any CPU
		{4586C08F-7B63-49BC-AD6A-7E4BCE618516}.Debug|Any CPU.ActiveCfg = Debug|Any CPU
		{4586C08F-7B63-49BC-AD6A-7E4BCE618516}.Debug|Any CPU.Build.0 = Debug|Any CPU
		{4586C08F-7B63-49BC-AD6A-7E4BCE618516}.Release|Any CPU.ActiveCfg = Release|Any CPU
		{4586C08F-7B63-49BC-AD6A-7E4BCE618516}.Release|Any CPU.Build.0 = Release|Any CPU
	EndGlobalSection
	GlobalSection(SolutionProperties) = preSolution
		HideSolutionNode = FALSE
	EndGlobalSection
	GlobalSection(ExtensibilityGlobals) = postSolution
		SolutionGuid = {CA19714F-63B9-4E63-A468-424D7CE484AA}
	EndGlobalSection
EndGlobal
